// !$*UTF8*$!
{
	archiveVersion = 1;
	classes = {
	};
	objectVersion = 50;
	objects = {

/* Begin PBXBuildFile section */
		F82DB3AC22C74FCC00163F9D /* DateEventsModel.m in Sources */ = {isa = PBXBuildFile; fileRef = F82DB3AB22C74FCC00163F9D /* DateEventsModel.m */; };
		F8B9189422C6485A0030A28A /* AppDelegate.m in Sources */ = {isa = PBXBuildFile; fileRef = F8B9189322C6485A0030A28A /* AppDelegate.m */; };
		F8B9189722C6485A0030A28A /* ViewController.m in Sources */ = {isa = PBXBuildFile; fileRef = F8B9189622C6485A0030A28A /* ViewController.m */; };
		F8B9189A22C6485A0030A28A /* Main.storyboard in Resources */ = {isa = PBXBuildFile; fileRef = F8B9189822C6485A0030A28A /* Main.storyboard */; };
		F8B9189C22C6485C0030A28A /* Assets.xcassets in Resources */ = {isa = PBXBuildFile; fileRef = F8B9189B22C6485C0030A28A /* Assets.xcassets */; };
		F8B9189F22C6485C0030A28A /* LaunchScreen.storyboard in Resources */ = {isa = PBXBuildFile; fileRef = F8B9189D22C6485C0030A28A /* LaunchScreen.storyboard */; };
		F8B918A222C6485C0030A28A /* main.m in Sources */ = {isa = PBXBuildFile; fileRef = F8B918A122C6485C0030A28A /* main.m */; };
		F8B918AC22C6485D0030A28A /* CalendarTests.m in Sources */ = {isa = PBXBuildFile; fileRef = F8B918AB22C6485D0030A28A /* CalendarTests.m */; };
		F8B918B722C6485D0030A28A /* CalendarUITests.m in Sources */ = {isa = PBXBuildFile; fileRef = F8B918B622C6485D0030A28A /* CalendarUITests.m */; };
		F8B918C622C692190030A28A /* DayCollectionViewCell.m in Sources */ = {isa = PBXBuildFile; fileRef = F8B918C522C692190030A28A /* DayCollectionViewCell.m */; };
		F8B918C922C6A6BD0030A28A /* UIColor+extensions.m in Sources */ = {isa = PBXBuildFile; fileRef = F8B918C822C6A6BD0030A28A /* UIColor+extensions.m */; };
/* End PBXBuildFile section */

/* Begin PBXContainerItemProxy section */
		F8B918A822C6485D0030A28A /* PBXContainerItemProxy */ = {
			isa = PBXContainerItemProxy;
			containerPortal = F8B9188722C648590030A28A /* Project object */;
			proxyType = 1;
			remoteGlobalIDString = F8B9188E22C6485A0030A28A;
			remoteInfo = Calendar;
		};
		F8B918B322C6485D0030A28A /* PBXContainerItemProxy */ = {
			isa = PBXContainerItemProxy;
			containerPortal = F8B9188722C648590030A28A /* Project object */;
			proxyType = 1;
			remoteGlobalIDString = F8B9188E22C6485A0030A28A;
			remoteInfo = Calendar;
		};
/* End PBXContainerItemProxy section */

/* Begin PBXFileReference section */
		F82DB3AA22C74FCC00163F9D /* DateEventsModel.h */ = {isa = PBXFileReference; lastKnownFileType = sourcecode.c.h; path = DateEventsModel.h; sourceTree = "<group>"; };
		F82DB3AB22C74FCC00163F9D /* DateEventsModel.m */ = {isa = PBXFileReference; lastKnownFileType = sourcecode.c.objc; path = DateEventsModel.m; sourceTree = "<group>"; };
		F8B9188F22C6485A0030A28A /* Calendar.app */ = {isa = PBXFileReference; explicitFileType = wrapper.application; includeInIndex = 0; path = Calendar.app; sourceTree = BUILT_PRODUCTS_DIR; };
		F8B9189222C6485A0030A28A /* AppDelegate.h */ = {isa = PBXFileReference; lastKnownFileType = sourcecode.c.h; path = AppDelegate.h; sourceTree = "<group>"; };
		F8B9189322C6485A0030A28A /* AppDelegate.m */ = {isa = PBXFileReference; lastKnownFileType = sourcecode.c.objc; path = AppDelegate.m; sourceTree = "<group>"; };
		F8B9189522C6485A0030A28A /* ViewController.h */ = {isa = PBXFileReference; lastKnownFileType = sourcecode.c.h; path = ViewController.h; sourceTree = "<group>"; };
		F8B9189622C6485A0030A28A /* ViewController.m */ = {isa = PBXFileReference; lastKnownFileType = sourcecode.c.objc; path = ViewController.m; sourceTree = "<group>"; };
		F8B9189922C6485A0030A28A /* Base */ = {isa = PBXFileReference; lastKnownFileType = file.storyboard; name = Base; path = Base.lproj/Main.storyboard; sourceTree = "<group>"; };
		F8B9189B22C6485C0030A28A /* Assets.xcassets */ = {isa = PBXFileReference; lastKnownFileType = folder.assetcatalog; path = Assets.xcassets; sourceTree = "<group>"; };
		F8B9189E22C6485C0030A28A /* Base */ = {isa = PBXFileReference; lastKnownFileType = file.storyboard; name = Base; path = Base.lproj/LaunchScreen.storyboard; sourceTree = "<group>"; };
		F8B918A022C6485C0030A28A /* Info.plist */ = {isa = PBXFileReference; lastKnownFileType = text.plist.xml; path = Info.plist; sourceTree = "<group>"; };
		F8B918A122C6485C0030A28A /* main.m */ = {isa = PBXFileReference; lastKnownFileType = sourcecode.c.objc; path = main.m; sourceTree = "<group>"; };
		F8B918A722C6485D0030A28A /* CalendarTests.xctest */ = {isa = PBXFileReference; explicitFileType = wrapper.cfbundle; includeInIndex = 0; path = CalendarTests.xctest; sourceTree = BUILT_PRODUCTS_DIR; };
		F8B918AB22C6485D0030A28A /* CalendarTests.m */ = {isa = PBXFileReference; lastKnownFileType = sourcecode.c.objc; path = CalendarTests.m; sourceTree = "<group>"; };
		F8B918AD22C6485D0030A28A /* Info.plist */ = {isa = PBXFileReference; lastKnownFileType = text.plist.xml; path = Info.plist; sourceTree = "<group>"; };
		F8B918B222C6485D0030A28A /* CalendarUITests.xctest */ = {isa = PBXFileReference; explicitFileType = wrapper.cfbundle; includeInIndex = 0; path = CalendarUITests.xctest; sourceTree = BUILT_PRODUCTS_DIR; };
		F8B918B622C6485D0030A28A /* CalendarUITests.m */ = {isa = PBXFileReference; lastKnownFileType = sourcecode.c.objc; path = CalendarUITests.m; sourceTree = "<group>"; };
		F8B918B822C6485D0030A28A /* Info.plist */ = {isa = PBXFileReference; lastKnownFileType = text.plist.xml; path = Info.plist; sourceTree = "<group>"; };
		F8B918C422C692190030A28A /* DayCollectionViewCell.h */ = {isa = PBXFileReference; lastKnownFileType = sourcecode.c.h; path = DayCollectionViewCell.h; sourceTree = "<group>"; };
		F8B918C522C692190030A28A /* DayCollectionViewCell.m */ = {isa = PBXFileReference; lastKnownFileType = sourcecode.c.objc; path = DayCollectionViewCell.m; sourceTree = "<group>"; };
		F8B918C722C6A6BD0030A28A /* UIColor+extensions.h */ = {isa = PBXFileReference; lastKnownFileType = sourcecode.c.h; path = "UIColor+extensions.h"; sourceTree = "<group>"; };
		F8B918C822C6A6BD0030A28A /* UIColor+extensions.m */ = {isa = PBXFileReference; lastKnownFileType = sourcecode.c.objc; path = "UIColor+extensions.m"; sourceTree = "<group>"; };
/* End PBXFileReference section */

/* Begin PBXFrameworksBuildPhase section */
		F8B9188C22C6485A0030A28A /* Frameworks */ = {
			isa = PBXFrameworksBuildPhase;
			buildActionMask = 2147483647;
			files = (
			);
			runOnlyForDeploymentPostprocessing = 0;
		};
		F8B918A422C6485D0030A28A /* Frameworks */ = {
			isa = PBXFrameworksBuildPhase;
			buildActionMask = 2147483647;
			files = (
			);
			runOnlyForDeploymentPostprocessing = 0;
		};
		F8B918AF22C6485D0030A28A /* Frameworks */ = {
			isa = PBXFrameworksBuildPhase;
			buildActionMask = 2147483647;
			files = (
			);
			runOnlyForDeploymentPostprocessing = 0;
		};
/* End PBXFrameworksBuildPhase section */

/* Begin PBXGroup section */
		F8B9188622C648590030A28A = {
			isa = PBXGroup;
			children = (
				F8B9189122C6485A0030A28A /* Calendar */,
				F8B918AA22C6485D0030A28A /* CalendarTests */,
				F8B918B522C6485D0030A28A /* CalendarUITests */,
				F8B9189022C6485A0030A28A /* Products */,
			);
			sourceTree = "<group>";
		};
		F8B9189022C6485A0030A28A /* Products */ = {
			isa = PBXGroup;
			children = (
				F8B9188F22C6485A0030A28A /* Calendar.app */,
				F8B918A722C6485D0030A28A /* CalendarTests.xctest */,
				F8B918B222C6485D0030A28A /* CalendarUITests.xctest */,
			);
			name = Products;
			sourceTree = "<group>";
		};
		F8B9189122C6485A0030A28A /* Calendar */ = {
			isa = PBXGroup;
			children = (
				F8B9189222C6485A0030A28A /* AppDelegate.h */,
				F8B9189322C6485A0030A28A /* AppDelegate.m */,
				F8B9189522C6485A0030A28A /* ViewController.h */,
				F8B9189622C6485A0030A28A /* ViewController.m */,
				F8B9189822C6485A0030A28A /* Main.storyboard */,
				F8B9189B22C6485C0030A28A /* Assets.xcassets */,
				F8B9189D22C6485C0030A28A /* LaunchScreen.storyboard */,
				F8B918A022C6485C0030A28A /* Info.plist */,
				F8B918C422C692190030A28A /* DayCollectionViewCell.h */,
				F8B918C522C692190030A28A /* DayCollectionViewCell.m */,
				F8B918A122C6485C0030A28A /* main.m */,
				F8B918C722C6A6BD0030A28A /* UIColor+extensions.h */,
				F8B918C822C6A6BD0030A28A /* UIColor+extensions.m */,
				F82DB3AA22C74FCC00163F9D /* DateEventsModel.h */,
				F82DB3AB22C74FCC00163F9D /* DateEventsModel.m */,
			);
			path = Calendar;
			sourceTree = "<group>";
		};
		F8B918AA22C6485D0030A28A /* CalendarTests */ = {
			isa = PBXGroup;
			children = (
				F8B918AB22C6485D0030A28A /* CalendarTests.m */,
				F8B918AD22C6485D0030A28A /* Info.plist */,
			);
			path = CalendarTests;
			sourceTree = "<group>";
		};
		F8B918B522C6485D0030A28A /* CalendarUITests */ = {
			isa = PBXGroup;
			children = (
				F8B918B622C6485D0030A28A /* CalendarUITests.m */,
				F8B918B822C6485D0030A28A /* Info.plist */,
			);
			path = CalendarUITests;
			sourceTree = "<group>";
		};
/* End PBXGroup section */

/* Begin PBXNativeTarget section */
		F8B9188E22C6485A0030A28A /* Calendar */ = {
			isa = PBXNativeTarget;
			buildConfigurationList = F8B918BB22C6485D0030A28A /* Build configuration list for PBXNativeTarget "Calendar" */;
			buildPhases = (
				F8B9188B22C6485A0030A28A /* Sources */,
				F8B9188C22C6485A0030A28A /* Frameworks */,
				F8B9188D22C6485A0030A28A /* Resources */,
			);
			buildRules = (
			);
			dependencies = (
			);
			name = Calendar;
			productName = Calendar;
			productReference = F8B9188F22C6485A0030A28A /* Calendar.app */;
			productType = "com.apple.product-type.application";
		};
		F8B918A622C6485D0030A28A /* CalendarTests */ = {
			isa = PBXNativeTarget;
			buildConfigurationList = F8B918BE22C6485D0030A28A /* Build configuration list for PBXNativeTarget "CalendarTests" */;
			buildPhases = (
				F8B918A322C6485D0030A28A /* Sources */,
				F8B918A422C6485D0030A28A /* Frameworks */,
				F8B918A522C6485D0030A28A /* Resources */,
			);
			buildRules = (
			);
			dependencies = (
				F8B918A922C6485D0030A28A /* PBXTargetDependency */,
			);
			name = CalendarTests;
			productName = CalendarTests;
			productReference = F8B918A722C6485D0030A28A /* CalendarTests.xctest */;
			productType = "com.apple.product-type.bundle.unit-test";
		};
		F8B918B122C6485D0030A28A /* CalendarUITests */ = {
			isa = PBXNativeTarget;
			buildConfigurationList = F8B918C122C6485D0030A28A /* Build configuration list for PBXNativeTarget "CalendarUITests" */;
			buildPhases = (
				F8B918AE22C6485D0030A28A /* Sources */,
				F8B918AF22C6485D0030A28A /* Frameworks */,
				F8B918B022C6485D0030A28A /* Resources */,
			);
			buildRules = (
			);
			dependencies = (
				F8B918B422C6485D0030A28A /* PBXTargetDependency */,
			);
			name = CalendarUITests;
			productName = CalendarUITests;
			productReference = F8B918B222C6485D0030A28A /* CalendarUITests.xctest */;
			productType = "com.apple.product-type.bundle.ui-testing";
		};
/* End PBXNativeTarget section */

/* Begin PBXProject section */
		F8B9188722C648590030A28A /* Project object */ = {
			isa = PBXProject;
			attributes = {
				LastUpgradeCheck = 1020;
				ORGANIZATIONNAME = "Alesia Adereyko";
				TargetAttributes = {
					F8B9188E22C6485A0030A28A = {
						CreatedOnToolsVersion = 10.2.1;
					};
					F8B918A622C6485D0030A28A = {
						CreatedOnToolsVersion = 10.2.1;
						TestTargetID = F8B9188E22C6485A0030A28A;
					};
					F8B918B122C6485D0030A28A = {
						CreatedOnToolsVersion = 10.2.1;
						TestTargetID = F8B9188E22C6485A0030A28A;
					};
				};
			};
			buildConfigurationList = F8B9188A22C648590030A28A /* Build configuration list for PBXProject "Calendar" */;
			compatibilityVersion = "Xcode 9.3";
			developmentRegion = en;
			hasScannedForEncodings = 0;
			knownRegions = (
				en,
				Base,
			);
			mainGroup = F8B9188622C648590030A28A;
			productRefGroup = F8B9189022C6485A0030A28A /* Products */;
			projectDirPath = "";
			projectRoot = "";
			targets = (
				F8B9188E22C6485A0030A28A /* Calendar */,
				F8B918A622C6485D0030A28A /* CalendarTests */,
				F8B918B122C6485D0030A28A /* CalendarUITests */,
			);
		};
/* End PBXProject section */

/* Begin PBXResourcesBuildPhase section */
		F8B9188D22C6485A0030A28A /* Resources */ = {
			isa = PBXResourcesBuildPhase;
			buildActionMask = 2147483647;
			files = (
				F8B9189F22C6485C0030A28A /* LaunchScreen.storyboard in Resources */,
				F8B9189C22C6485C0030A28A /* Assets.xcassets in Resources */,
				F8B9189A22C6485A0030A28A /* Main.storyboard in Resources */,
			);
			runOnlyForDeploymentPostprocessing = 0;
		};
		F8B918A522C6485D0030A28A /* Resources */ = {
			isa = PBXResourcesBuildPhase;
			buildActionMask = 2147483647;
			files = (
			);
			runOnlyForDeploymentPostprocessing = 0;
		};
		F8B918B022C6485D0030A28A /* Resources */ = {
			isa = PBXResourcesBuildPhase;
			buildActionMask = 2147483647;
			files = (
			);
			runOnlyForDeploymentPostprocessing = 0;
		};
/* End PBXResourcesBuildPhase section */

/* Begin PBXSourcesBuildPhase section */
		F8B9188B22C6485A0030A28A /* Sources */ = {
			isa = PBXSourcesBuildPhase;
			buildActionMask = 2147483647;
			files = (
				F8B918C922C6A6BD0030A28A /* UIColor+extensions.m in Sources */,
				F8B9189722C6485A0030A28A /* ViewController.m in Sources */,
				F8B918A222C6485C0030A28A /* main.m in Sources */,
				F8B9189422C6485A0030A28A /* AppDelegate.m in Sources */,
				F82DB3AC22C74FCC00163F9D /* DateEventsModel.m in Sources */,
				F8B918C622C692190030A28A /* DayCollectionViewCell.m in Sources */,
			);
			runOnlyForDeploymentPostprocessing = 0;
		};
		F8B918A322C6485D0030A28A /* Sources */ = {
			isa = PBXSourcesBuildPhase;
			buildActionMask = 2147483647;
			files = (
				F8B918AC22C6485D0030A28A /* CalendarTests.m in Sources */,
			);
			runOnlyForDeploymentPostprocessing = 0;
		};
		F8B918AE22C6485D0030A28A /* Sources */ = {
			isa = PBXSourcesBuildPhase;
			buildActionMask = 2147483647;
			files = (
				F8B918B722C6485D0030A28A /* CalendarUITests.m in Sources */,
			);
			runOnlyForDeploymentPostprocessing = 0;
		};
/* End PBXSourcesBuildPhase section */

/* Begin PBXTargetDependency section */
		F8B918A922C6485D0030A28A /* PBXTargetDependency */ = {
			isa = PBXTargetDependency;
			target = F8B9188E22C6485A0030A28A /* Calendar */;
			targetProxy = F8B918A822C6485D0030A28A /* PBXContainerItemProxy */;
		};
		F8B918B422C6485D0030A28A /* PBXTargetDependency */ = {
			isa = PBXTargetDependency;
			target = F8B9188E22C6485A0030A28A /* Calendar */;
			targetProxy = F8B918B322C6485D0030A28A /* PBXContainerItemProxy */;
		};
/* End PBXTargetDependency section */

/* Begin PBXVariantGroup section */
		F8B9189822C6485A0030A28A /* Main.storyboard */ = {
			isa = PBXVariantGroup;
			children = (
				F8B9189922C6485A0030A28A /* Base */,
			);
			name = Main.storyboard;
			sourceTree = "<group>";
		};
		F8B9189D22C6485C0030A28A /* LaunchScreen.storyboard */ = {
			isa = PBXVariantGroup;
			children = (
				F8B9189E22C6485C0030A28A /* Base */,
			);
			name = LaunchScreen.storyboard;
			sourceTree = "<group>";
		};
/* End PBXVariantGroup section */

/* Begin XCBuildConfiguration section */
		F8B918B922C6485D0030A28A /* Debug */ = {
			isa = XCBuildConfiguration;
			buildSettings = {
				ALWAYS_SEARCH_USER_PATHS = NO;
				CLANG_ANALYZER_NONNULL = YES;
				CLANG_ANALYZER_NUMBER_OBJECT_CONVERSION = YES_AGGRESSIVE;
				CLANG_CXX_LANGUAGE_STANDARD = "gnu++14";
				CLANG_CXX_LIBRARY = "libc++";
				CLANG_ENABLE_MODULES = YES;
				CLANG_ENABLE_OBJC_ARC = YES;
				CLANG_ENABLE_OBJC_WEAK = YES;
				CLANG_WARN_BLOCK_CAPTURE_AUTORELEASING = YES;
				CLANG_WARN_BOOL_CONVERSION = YES;
				CLANG_WARN_COMMA = YES;
				CLANG_WARN_CONSTANT_CONVERSION = YES;
				CLANG_WARN_DEPRECATED_OBJC_IMPLEMENTATIONS = YES;
				CLANG_WARN_DIRECT_OBJC_ISA_USAGE = YES_ERROR;
				CLANG_WARN_DOCUMENTATION_COMMENTS = YES;
				CLANG_WARN_EMPTY_BODY = YES;
				CLANG_WARN_ENUM_CONVERSION = YES;
				CLANG_WARN_INFINITE_RECURSION = YES;
				CLANG_WARN_INT_CONVERSION = YES;
				CLANG_WARN_NON_LITERAL_NULL_CONVERSION = YES;
				CLANG_WARN_OBJC_IMPLICIT_RETAIN_SELF = YES;
				CLANG_WARN_OBJC_LITERAL_CONVERSION = YES;
				CLANG_WARN_OBJC_ROOT_CLASS = YES_ERROR;
				CLANG_WARN_RANGE_LOOP_ANALYSIS = YES;
				CLANG_WARN_STRICT_PROTOTYPES = YES;
				CLANG_WARN_SUSPICIOUS_MOVE = YES;
				CLANG_WARN_UNGUARDED_AVAILABILITY = YES_AGGRESSIVE;
				CLANG_WARN_UNREACHABLE_CODE = YES;
				CLANG_WARN__DUPLICATE_METHOD_MATCH = YES;
				CODE_SIGN_IDENTITY = "iPhone Developer";
				COPY_PHASE_STRIP = NO;
				DEBUG_INFORMATION_FORMAT = dwarf;
				ENABLE_STRICT_OBJC_MSGSEND = YES;
				ENABLE_TESTABILITY = YES;
				GCC_C_LANGUAGE_STANDARD = gnu11;
				GCC_DYNAMIC_NO_PIC = NO;
				GCC_NO_COMMON_BLOCKS = YES;
				GCC_OPTIMIZATION_LEVEL = 0;
				GCC_PREPROCESSOR_DEFINITIONS = (
					"DEBUG=1",
					"$(inherited)",
				);
				GCC_WARN_64_TO_32_BIT_CONVERSION = YES;
				GCC_WARN_ABOUT_RETURN_TYPE = YES_ERROR;
				GCC_WARN_UNDECLARED_SELECTOR = YES;
				GCC_WARN_UNINITIALIZED_AUTOS = YES_AGGRESSIVE;
				GCC_WARN_UNUSED_FUNCTION = YES;
				GCC_WARN_UNUSED_VARIABLE = YES;
				IPHONEOS_DEPLOYMENT_TARGET = 10.0;
				MTL_ENABLE_DEBUG_INFO = INCLUDE_SOURCE;
				MTL_FAST_MATH = YES;
				ONLY_ACTIVE_ARCH = YES;
				SDKROOT = iphoneos;
			};
			name = Debug;
		};
		F8B918BA22C6485D0030A28A /* Release */ = {
			isa = XCBuildConfiguration;
			buildSettings = {
				ALWAYS_SEARCH_USER_PATHS = NO;
				CLANG_ANALYZER_NONNULL = YES;
				CLANG_ANALYZER_NUMBER_OBJECT_CONVERSION = YES_AGGRESSIVE;
				CLANG_CXX_LANGUAGE_STANDARD = "gnu++14";
				CLANG_CXX_LIBRARY = "libc++";
				CLANG_ENABLE_MODULES = YES;
				CLANG_ENABLE_OBJC_ARC = YES;
				CLANG_ENABLE_OBJC_WEAK = YES;
				CLANG_WARN_BLOCK_CAPTURE_AUTORELEASING = YES;
				CLANG_WARN_BOOL_CONVERSION = YES;
				CLANG_WARN_COMMA = YES;
				CLANG_WARN_CONSTANT_CONVERSION = YES;
				CLANG_WARN_DEPRECATED_OBJC_IMPLEMENTATIONS = YES;
				CLANG_WARN_DIRECT_OBJC_ISA_USAGE = YES_ERROR;
				CLANG_WARN_DOCUMENTATION_COMMENTS = YES;
				CLANG_WARN_EMPTY_BODY = YES;
				CLANG_WARN_ENUM_CONVERSION = YES;
				CLANG_WARN_INFINITE_RECURSION = YES;
				CLANG_WARN_INT_CONVERSION = YES;
				CLANG_WARN_NON_LITERAL_NULL_CONVERSION = YES;
				CLANG_WARN_OBJC_IMPLICIT_RETAIN_SELF = YES;
				CLANG_WARN_OBJC_LITERAL_CONVERSION = YES;
				CLANG_WARN_OBJC_ROOT_CLASS = YES_ERROR;
				CLANG_WARN_RANGE_LOOP_ANALYSIS = YES;
				CLANG_WARN_STRICT_PROTOTYPES = YES;
				CLANG_WARN_SUSPICIOUS_MOVE = YES;
				CLANG_WARN_UNGUARDED_AVAILABILITY = YES_AGGRESSIVE;
				CLANG_WARN_UNREACHABLE_CODE = YES;
				CLANG_WARN__DUPLICATE_METHOD_MATCH = YES;
				CODE_SIGN_IDENTITY = "iPhone Developer";
				COPY_PHASE_STRIP = NO;
				DEBUG_INFORMATION_FORMAT = "dwarf-with-dsym";
				ENABLE_NS_ASSERTIONS = NO;
				ENABLE_STRICT_OBJC_MSGSEND = YES;
				GCC_C_LANGUAGE_STANDARD = gnu11;
				GCC_NO_COMMON_BLOCKS = YES;
				GCC_WARN_64_TO_32_BIT_CONVERSION = YES;
				GCC_WARN_ABOUT_RETURN_TYPE = YES_ERROR;
				GCC_WARN_UNDECLARED_SELECTOR = YES;
				GCC_WARN_UNINITIALIZED_AUTOS = YES_AGGRESSIVE;
				GCC_WARN_UNUSED_FUNCTION = YES;
				GCC_WARN_UNUSED_VARIABLE = YES;
				IPHONEOS_DEPLOYMENT_TARGET = 10.0;
				MTL_ENABLE_DEBUG_INFO = NO;
				MTL_FAST_MATH = YES;
				SDKROOT = iphoneos;
				VALIDATE_PRODUCT = YES;
			};
			name = Release;
		};
		F8B918BC22C6485D0030A28A /* Debug */ = {
			isa = XCBuildConfiguration;
			buildSettings = {
				ASSETCATALOG_COMPILER_APPICON_NAME = AppIcon;
				CODE_SIGN_STYLE = Automatic;
				INFOPLIST_FILE = Calendar/Info.plist;
				LD_RUNPATH_SEARCH_PATHS = (
					"$(inherited)",
					"@executable_path/Frameworks",
				);
				PRODUCT_BUNDLE_IDENTIFIER = com.alesia.Calendar;
				PRODUCT_NAME = "$(TARGET_NAME)";
				TARGETED_DEVICE_FAMILY = "1,2";
			};
			name = Debug;
		};
		F8B918BD22C6485D0030A28A /* Release */ = {
			isa = XCBuildConfiguration;
			buildSettings = {
				ASSETCATALOG_COMPILER_APPICON_NAME = AppIcon;
				CODE_SIGN_STYLE = Automatic;
				INFOPLIST_FILE = Calendar/Info.plist;
				LD_RUNPATH_SEARCH_PATHS = (
					"$(inherited)",
					"@executable_path/Frameworks",
				);
				PRODUCT_BUNDLE_IDENTIFIER = com.alesia.Calendar;
				PRODUCT_NAME = "$(TARGET_NAME)";
				TARGETED_DEVICE_FAMILY = "1,2";
			};
			name = Release;
		};
		F8B918BF22C6485D0030A28A /* Debug */ = {
			isa = XCBuildConfiguration;
			buildSettings = {
				BUNDLE_LOADER = "$(TEST_HOST)";
				CODE_SIGN_STYLE = Automatic;
				INFOPLIST_FILE = CalendarTests/Info.plist;
				LD_RUNPATH_SEARCH_PATHS = (
					"$(inherited)",
					"@executable_path/Frameworks",
					"@loader_path/Frameworks",
				);
				PRODUCT_BUNDLE_IDENTIFIER = com.alesia.CalendarTests;
				PRODUCT_NAME = "$(TARGET_NAME)";
				TARGETED_DEVICE_FAMILY = "1,2";
				TEST_HOST = "$(BUILT_PRODUCTS_DIR)/Calendar.app/Calendar";
			};
			name = Debug;
		};
		F8B918C022C6485D0030A28A /* Release */ = {
			isa = XCBuildConfiguration;
			buildSettings = {
				BUNDLE_LOADER = "$(TEST_HOST)";
				CODE_SIGN_STYLE = Automatic;
				INFOPLIST_FILE = CalendarTests/Info.plist;
				LD_RUNPATH_SEARCH_PATHS = (
					"$(inherited)",
					"@executable_path/Frameworks",
					"@loader_path/Frameworks",
				);
				PRODUCT_BUNDLE_IDENTIFIER = com.alesia.CalendarTests;
				PRODUCT_NAME = "$(TARGET_NAME)";
				TARGETED_DEVICE_FAMILY = "1,2";
				TEST_HOST = "$(BUILT_PRODUCTS_DIR)/Calendar.app/Calendar";
			};
			name = Release;
		};
		F8B918C222C6485D0030A28A /* Debug */ = {
			isa = XCBuildConfiguration;
			buildSettings = {
				CODE_SIGN_STYLE = Automatic;
				INFOPLIST_FILE = CalendarUITests/Info.plist;
				LD_RUNPATH_SEARCH_PATHS = (
					"$(inherited)",
					"@executable_path/Frameworks",
					"@loader_path/Frameworks",
				);
				PRODUCT_BUNDLE_IDENTIFIER = com.alesia.CalendarUITests;
				PRODUCT_NAME = "$(TARGET_NAME)";
				TARGETED_DEVICE_FAMILY = "1,2";
				TEST_TARGET_NAME = Calendar;
			};
			name = Debug;
		};
		F8B918C322C6485D0030A28A /* Release */ = {
			isa = XCBuildConfiguration;
			buildSettings = {
				CODE_SIGN_STYLE = Automatic;
				INFOPLIST_FILE = CalendarUITests/Info.plist;
				LD_RUNPATH_SEARCH_PATHS = (
					"$(inherited)",
					"@executable_path/Frameworks",
					"@loader_path/Frameworks",
				);
				PRODUCT_BUNDLE_IDENTIFIER = com.alesia.CalendarUITests;
				PRODUCT_NAME = "$(TARGET_NAME)";
				TARGETED_DEVICE_FAMILY = "1,2";
				TEST_TARGET_NAME = Calendar;
			};
			name = Release;
		};
/* End XCBuildConfiguration section */

/* Begin XCConfigurationList section */
		F8B9188A22C648590030A28A /* Build configuration list for PBXProject "Calendar" */ = {
			isa = XCConfigurationList;
			buildConfigurations = (
				F8B918B922C6485D0030A28A /* Debug */,
				F8B918BA22C6485D0030A28A /* Release */,
			);
			defaultConfigurationIsVisible = 0;
			defaultConfigurationName = Release;
		};
		F8B918BB22C6485D0030A28A /* Build configuration list for PBXNativeTarget "Calendar" */ = {
			isa = XCConfigurationList;
			buildConfigurations = (
				F8B918BC22C6485D0030A28A /* Debug */,
				F8B918BD22C6485D0030A28A /* Release */,
			);
			defaultConfigurationIsVisible = 0;
			defaultConfigurationName = Release;
		};
		F8B918BE22C6485D0030A28A /* Build configuration list for PBXNativeTarget "CalendarTests" */ = {
			isa = XCConfigurationList;
			buildConfigurations = (
				F8B918BF22C6485D0030A28A /* Debug */,
				F8B918C022C6485D0030A28A /* Release */,
			);
			defaultConfigurationIsVisible = 0;
			defaultConfigurationName = Release;
		};
		F8B918C122C6485D0030A28A /* Build configuration list for PBXNativeTarget "CalendarUITests" */ = {
			isa = XCConfigurationList;
			buildConfigurations = (
				F8B918C222C6485D0030A28A /* Debug */,
				F8B918C322C6485D0030A28A /* Release */,
			);
			defaultConfigurationIsVisible = 0;
			defaultConfigurationName = Release;
		};
/* End XCConfigurationList section */
	};
	rootObject = F8B9188722C648590030A28A /* Project object */;
}
